// !$*UTF8*$!
{
	archiveVersion = 1;
	classes = {
	};
	objectVersion = 55;
	objects = {

/* Begin PBXBuildFile section */
		9414CFD028714C310031C990 /* UpcomingViewController.swift in Sources */ = {isa = PBXBuildFile; fileRef = 9414CFCF28714C310031C990 /* UpcomingViewController.swift */; };
		9414CFD228714C670031C990 /* SearchViewController.swift in Sources */ = {isa = PBXBuildFile; fileRef = 9414CFD128714C670031C990 /* SearchViewController.swift */; };
		9414CFD428714CC10031C990 /* DownloadsViewController.swift in Sources */ = {isa = PBXBuildFile; fileRef = 9414CFD328714CC10031C990 /* DownloadsViewController.swift */; };
		94633D2F2876D305009CC698 /* TitleTableViewCell.swift in Sources */ = {isa = PBXBuildFile; fileRef = 94633D2E2876D305009CC698 /* TitleTableViewCell.swift */; };
		94633D312876D9C1009CC698 /* TitleViewModel.swift in Sources */ = {isa = PBXBuildFile; fileRef = 94633D302876D9C1009CC698 /* TitleViewModel.swift */; };
		9479F9E728716399004A2696 /* CollectionViewForTableViewCell.swift in Sources */ = {isa = PBXBuildFile; fileRef = 9479F9E628716399004A2696 /* CollectionViewForTableViewCell.swift */; };
		94979A12287565FF001EF8F7 /* TitleCollectionViewCell.swift in Sources */ = {isa = PBXBuildFile; fileRef = 94979A11287565FF001EF8F7 /* TitleCollectionViewCell.swift */; };
		94979A1528756F4C001EF8F7 /* SDWebImage in Frameworks */ = {isa = PBXBuildFile; productRef = 94979A1428756F4C001EF8F7 /* SDWebImage */; };
		94979A1728756F4C001EF8F7 /* SDWebImageMapKit in Frameworks */ = {isa = PBXBuildFile; productRef = 94979A1628756F4C001EF8F7 /* SDWebImageMapKit */; };
		94C325BD2871460100EAE0C5 /* AppDelegate.swift in Sources */ = {isa = PBXBuildFile; fileRef = 94C325BC2871460100EAE0C5 /* AppDelegate.swift */; };
		94C325BF2871460100EAE0C5 /* SceneDelegate.swift in Sources */ = {isa = PBXBuildFile; fileRef = 94C325BE2871460100EAE0C5 /* SceneDelegate.swift */; };
		94C325C12871460100EAE0C5 /* MainTabBarViewController.swift in Sources */ = {isa = PBXBuildFile; fileRef = 94C325C02871460100EAE0C5 /* MainTabBarViewController.swift */; };
		94C325C62871460200EAE0C5 /* Assets.xcassets in Resources */ = {isa = PBXBuildFile; fileRef = 94C325C52871460200EAE0C5 /* Assets.xcassets */; };
		94C325C92871460200EAE0C5 /* LaunchScreen.storyboard in Resources */ = {isa = PBXBuildFile; fileRef = 94C325C72871460200EAE0C5 /* LaunchScreen.storyboard */; };
		94C325D428714A4500EAE0C5 /* HomeViewController.swift in Sources */ = {isa = PBXBuildFile; fileRef = 94C325D328714A4500EAE0C5 /* HomeViewController.swift */; };
		94CC4B96287183C1002D899E /* TopHeaderUIView.swift in Sources */ = {isa = PBXBuildFile; fileRef = 94CC4B95287183C1002D899E /* TopHeaderUIView.swift */; };
		94CDF84E2878113B00BE4696 /* SearchedTitlesViewController.swift in Sources */ = {isa = PBXBuildFile; fileRef = 94CDF84D2878113B00BE4696 /* SearchedTitlesViewController.swift */; };
		94D9D4C72873D85600D0D3F4 /* APICaller.swift in Sources */ = {isa = PBXBuildFile; fileRef = 94D9D4C62873D85600D0D3F4 /* APICaller.swift */; };
		94D9D4C928740FA900D0D3F4 /* Titles.swift in Sources */ = {isa = PBXBuildFile; fileRef = 94D9D4C828740FA900D0D3F4 /* Titles.swift */; };
		94D9D4CB28741A0E00D0D3F4 /* Extensions.swift in Sources */ = {isa = PBXBuildFile; fileRef = 94D9D4CA28741A0E00D0D3F4 /* Extensions.swift */; };
/* End PBXBuildFile section */

/* Begin PBXFileReference section */
		9414CFCF28714C310031C990 /* UpcomingViewController.swift */ = {isa = PBXFileReference; lastKnownFileType = sourcecode.swift; path = UpcomingViewController.swift; sourceTree = "<group>"; };
		9414CFD128714C670031C990 /* SearchViewController.swift */ = {isa = PBXFileReference; lastKnownFileType = sourcecode.swift; path = SearchViewController.swift; sourceTree = "<group>"; };
		9414CFD328714CC10031C990 /* DownloadsViewController.swift */ = {isa = PBXFileReference; lastKnownFileType = sourcecode.swift; path = DownloadsViewController.swift; sourceTree = "<group>"; };
		94633D2E2876D305009CC698 /* TitleTableViewCell.swift */ = {isa = PBXFileReference; lastKnownFileType = sourcecode.swift; path = TitleTableViewCell.swift; sourceTree = "<group>"; };
		94633D302876D9C1009CC698 /* TitleViewModel.swift */ = {isa = PBXFileReference; lastKnownFileType = sourcecode.swift; path = TitleViewModel.swift; sourceTree = "<group>"; };
		9479F9E628716399004A2696 /* CollectionViewForTableViewCell.swift */ = {isa = PBXFileReference; lastKnownFileType = sourcecode.swift; path = CollectionViewForTableViewCell.swift; sourceTree = "<group>"; };
		94979A11287565FF001EF8F7 /* TitleCollectionViewCell.swift */ = {isa = PBXFileReference; lastKnownFileType = sourcecode.swift; path = TitleCollectionViewCell.swift; sourceTree = "<group>"; };
		94C325B92871460100EAE0C5 /* uikitNetflix.app */ = {isa = PBXFileReference; explicitFileType = wrapper.application; includeInIndex = 0; path = uikitNetflix.app; sourceTree = BUILT_PRODUCTS_DIR; };
		94C325BC2871460100EAE0C5 /* AppDelegate.swift */ = {isa = PBXFileReference; lastKnownFileType = sourcecode.swift; path = AppDelegate.swift; sourceTree = "<group>"; };
		94C325BE2871460100EAE0C5 /* SceneDelegate.swift */ = {isa = PBXFileReference; lastKnownFileType = sourcecode.swift; path = SceneDelegate.swift; sourceTree = "<group>"; };
		94C325C02871460100EAE0C5 /* MainTabBarViewController.swift */ = {isa = PBXFileReference; lastKnownFileType = sourcecode.swift; path = MainTabBarViewController.swift; sourceTree = "<group>"; };
		94C325C52871460200EAE0C5 /* Assets.xcassets */ = {isa = PBXFileReference; lastKnownFileType = folder.assetcatalog; path = Assets.xcassets; sourceTree = "<group>"; };
		94C325C82871460200EAE0C5 /* Base */ = {isa = PBXFileReference; lastKnownFileType = file.storyboard; name = Base; path = Base.lproj/LaunchScreen.storyboard; sourceTree = "<group>"; };
		94C325CA2871460200EAE0C5 /* Info.plist */ = {isa = PBXFileReference; lastKnownFileType = text.plist.xml; path = Info.plist; sourceTree = "<group>"; };
		94C325D328714A4500EAE0C5 /* HomeViewController.swift */ = {isa = PBXFileReference; lastKnownFileType = sourcecode.swift; path = HomeViewController.swift; sourceTree = "<group>"; };
		94CC4B95287183C1002D899E /* TopHeaderUIView.swift */ = {isa = PBXFileReference; lastKnownFileType = sourcecode.swift; path = TopHeaderUIView.swift; sourceTree = "<group>"; };
		94CDF84D2878113B00BE4696 /* SearchedTitlesViewController.swift */ = {isa = PBXFileReference; lastKnownFileType = sourcecode.swift; path = SearchedTitlesViewController.swift; sourceTree = "<group>"; };
		94D9D4C62873D85600D0D3F4 /* APICaller.swift */ = {isa = PBXFileReference; lastKnownFileType = sourcecode.swift; path = APICaller.swift; sourceTree = "<group>"; };
		94D9D4C828740FA900D0D3F4 /* Titles.swift */ = {isa = PBXFileReference; lastKnownFileType = sourcecode.swift; path = Titles.swift; sourceTree = "<group>"; };
		94D9D4CA28741A0E00D0D3F4 /* Extensions.swift */ = {isa = PBXFileReference; lastKnownFileType = sourcecode.swift; path = Extensions.swift; sourceTree = "<group>"; };
/* End PBXFileReference section */

/* Begin PBXFrameworksBuildPhase section */
		94C325B62871460100EAE0C5 /* Frameworks */ = {
			isa = PBXFrameworksBuildPhase;
			buildActionMask = 2147483647;
			files = (
				94979A1728756F4C001EF8F7 /* SDWebImageMapKit in Frameworks */,
				94979A1528756F4C001EF8F7 /* SDWebImage in Frameworks */,
			);
			runOnlyForDeploymentPostprocessing = 0;
		};
/* End PBXFrameworksBuildPhase section */

/* Begin PBXGroup section */
		9479F9E1287162F1004A2696 /* Views */ = {
			isa = PBXGroup;
			children = (
				9479F9E628716399004A2696 /* CollectionViewForTableViewCell.swift */,
				94CC4B95287183C1002D899E /* TopHeaderUIView.swift */,
				94979A11287565FF001EF8F7 /* TitleCollectionViewCell.swift */,
				94633D2E2876D305009CC698 /* TitleTableViewCell.swift */,
			);
			path = Views;
			sourceTree = "<group>";
		};
		9479F9E228716300004A2696 /* ViewModels */ = {
			isa = PBXGroup;
			children = (
				94633D302876D9C1009CC698 /* TitleViewModel.swift */,
			);
			path = ViewModels;
			sourceTree = "<group>";
		};
		9479F9E32871630E004A2696 /* Models */ = {
			isa = PBXGroup;
			children = (
				94D9D4C828740FA900D0D3F4 /* Titles.swift */,
			);
			path = Models;
			sourceTree = "<group>";
		};
		9479F9E42871632D004A2696 /* Reosurces */ = {
			isa = PBXGroup;
			children = (
				94D9D4CA28741A0E00D0D3F4 /* Extensions.swift */,
			);
			path = Reosurces;
			sourceTree = "<group>";
		};
		9479F9E528716336004A2696 /* Managers */ = {
			isa = PBXGroup;
			children = (
				94D9D4C62873D85600D0D3F4 /* APICaller.swift */,
			);
			path = Managers;
			sourceTree = "<group>";
		};
		94C325B02871460100EAE0C5 = {
			isa = PBXGroup;
			children = (
				94C325BB2871460100EAE0C5 /* uikitNetflix */,
				94C325BA2871460100EAE0C5 /* Products */,
			);
			sourceTree = "<group>";
		};
		94C325BA2871460100EAE0C5 /* Products */ = {
			isa = PBXGroup;
			children = (
				94C325B92871460100EAE0C5 /* uikitNetflix.app */,
			);
			name = Products;
			sourceTree = "<group>";
		};
		94C325BB2871460100EAE0C5 /* uikitNetflix */ = {
			isa = PBXGroup;
			children = (
				9479F9E528716336004A2696 /* Managers */,
				9479F9E42871632D004A2696 /* Reosurces */,
				9479F9E32871630E004A2696 /* Models */,
				9479F9E1287162F1004A2696 /* Views */,
				9479F9E228716300004A2696 /* ViewModels */,
				94C325D0287149A800EAE0C5 /* Controllers */,
				94C325BC2871460100EAE0C5 /* AppDelegate.swift */,
				94C325BE2871460100EAE0C5 /* SceneDelegate.swift */,
				94C325C52871460200EAE0C5 /* Assets.xcassets */,
				94C325C72871460200EAE0C5 /* LaunchScreen.storyboard */,
				94C325CA2871460200EAE0C5 /* Info.plist */,
			);
			path = uikitNetflix;
			sourceTree = "<group>";
		};
		94C325D0287149A800EAE0C5 /* Controllers */ = {
			isa = PBXGroup;
			children = (
				94CDF84C28780D9C00BE4696 /* General */,
				94CDF84B28780D5C00BE4696 /* Core */,
			);
			path = Controllers;
			sourceTree = "<group>";
		};
		94CDF84B28780D5C00BE4696 /* Core */ = {
			isa = PBXGroup;
			children = (
				94C325D328714A4500EAE0C5 /* HomeViewController.swift */,
				94C325C02871460100EAE0C5 /* MainTabBarViewController.swift */,
				9414CFCF28714C310031C990 /* UpcomingViewController.swift */,
				9414CFD128714C670031C990 /* SearchViewController.swift */,
				9414CFD328714CC10031C990 /* DownloadsViewController.swift */,
			);
			path = Core;
			sourceTree = "<group>";
		};
		94CDF84C28780D9C00BE4696 /* General */ = {
			isa = PBXGroup;
			children = (
				94CDF84D2878113B00BE4696 /* SearchedTitlesViewController.swift */,
			);
			path = General;
			sourceTree = "<group>";
		};
/* End PBXGroup section */

/* Begin PBXNativeTarget section */
		94C325B82871460100EAE0C5 /* uikitNetflix */ = {
			isa = PBXNativeTarget;
			buildConfigurationList = 94C325CD2871460200EAE0C5 /* Build configuration list for PBXNativeTarget "uikitNetflix" */;
			buildPhases = (
				94C325B52871460100EAE0C5 /* Sources */,
				94C325B62871460100EAE0C5 /* Frameworks */,
				94C325B72871460100EAE0C5 /* Resources */,
			);
			buildRules = (
			);
			dependencies = (
			);
			name = uikitNetflix;
			packageProductDependencies = (
				94979A1428756F4C001EF8F7 /* SDWebImage */,
				94979A1628756F4C001EF8F7 /* SDWebImageMapKit */,
			);
			productName = uikitNetflix;
			productReference = 94C325B92871460100EAE0C5 /* uikitNetflix.app */;
			productType = "com.apple.product-type.application";
		};
/* End PBXNativeTarget section */

/* Begin PBXProject section */
		94C325B12871460100EAE0C5 /* Project object */ = {
			isa = PBXProject;
			attributes = {
				BuildIndependentTargetsInParallel = 1;
				LastSwiftUpdateCheck = 1340;
				LastUpgradeCheck = 1340;
				TargetAttributes = {
					94C325B82871460100EAE0C5 = {
						CreatedOnToolsVersion = 13.4.1;
					};
				};
			};
			buildConfigurationList = 94C325B42871460100EAE0C5 /* Build configuration list for PBXProject "uikitNetflix" */;
			compatibilityVersion = "Xcode 13.0";
			developmentRegion = en;
			hasScannedForEncodings = 0;
			knownRegions = (
				en,
				Base,
			);
			mainGroup = 94C325B02871460100EAE0C5;
			packageReferences = (
				94979A1328756F4C001EF8F7 /* XCRemoteSwiftPackageReference "SDWebImage" */,
			);
			productRefGroup = 94C325BA2871460100EAE0C5 /* Products */;
			projectDirPath = "";
			projectRoot = "";
			targets = (
				94C325B82871460100EAE0C5 /* uikitNetflix */,
			);
		};
/* End PBXProject section */

/* Begin PBXResourcesBuildPhase section */
		94C325B72871460100EAE0C5 /* Resources */ = {
			isa = PBXResourcesBuildPhase;
			buildActionMask = 2147483647;
			files = (
				94C325C92871460200EAE0C5 /* LaunchScreen.storyboard in Resources */,
				94C325C62871460200EAE0C5 /* Assets.xcassets in Resources */,
			);
			runOnlyForDeploymentPostprocessing = 0;
		};
/* End PBXResourcesBuildPhase section */

/* Begin PBXSourcesBuildPhase section */
		94C325B52871460100EAE0C5 /* Sources */ = {
			isa = PBXSourcesBuildPhase;
			buildActionMask = 2147483647;
			files = (
				94CDF84E2878113B00BE4696 /* SearchedTitlesViewController.swift in Sources */,
				94633D2F2876D305009CC698 /* TitleTableViewCell.swift in Sources */,
				9414CFD228714C670031C990 /* SearchViewController.swift in Sources */,
				94979A12287565FF001EF8F7 /* TitleCollectionViewCell.swift in Sources */,
				94D9D4C928740FA900D0D3F4 /* Titles.swift in Sources */,
				94CC4B96287183C1002D899E /* TopHeaderUIView.swift in Sources */,
				94D9D4CB28741A0E00D0D3F4 /* Extensions.swift in Sources */,
				94C325C12871460100EAE0C5 /* MainTabBarViewController.swift in Sources */,
				94D9D4C72873D85600D0D3F4 /* APICaller.swift in Sources */,
				9479F9E728716399004A2696 /* CollectionViewForTableViewCell.swift in Sources */,
				9414CFD428714CC10031C990 /* DownloadsViewController.swift in Sources */,
				94C325BD2871460100EAE0C5 /* AppDelegate.swift in Sources */,
				9414CFD028714C310031C990 /* UpcomingViewController.swift in Sources */,
				94C325BF2871460100EAE0C5 /* SceneDelegate.swift in Sources */,
				94C325D428714A4500EAE0C5 /* HomeViewController.swift in Sources */,
				94633D312876D9C1009CC698 /* TitleViewModel.swift in Sources */,
			);
			runOnlyForDeploymentPostprocessing = 0;
		};
/* End PBXSourcesBuildPhase section */

/* Begin PBXVariantGroup section */
		94C325C72871460200EAE0C5 /* LaunchScreen.storyboard */ = {
			isa = PBXVariantGroup;
			children = (
				94C325C82871460200EAE0C5 /* Base */,
			);
			name = LaunchScreen.storyboard;
			sourceTree = "<group>";
		};
/* End PBXVariantGroup section */

/* Begin XCBuildConfiguration section */
		94C325CB2871460200EAE0C5 /* Debug */ = {
			isa = XCBuildConfiguration;
			buildSettings = {
				ALWAYS_SEARCH_USER_PATHS = NO;
				CLANG_ANALYZER_NONNULL = YES;
				CLANG_ANALYZER_NUMBER_OBJECT_CONVERSION = YES_AGGRESSIVE;
				CLANG_CXX_LANGUAGE_STANDARD = "gnu++17";
				CLANG_ENABLE_MODULES = YES;
				CLANG_ENABLE_OBJC_ARC = YES;
				CLANG_ENABLE_OBJC_WEAK = YES;
				CLANG_WARN_BLOCK_CAPTURE_AUTORELEASING = YES;
				CLANG_WARN_BOOL_CONVERSION = YES;
				CLANG_WARN_COMMA = YES;
				CLANG_WARN_CONSTANT_CONVERSION = YES;
				CLANG_WARN_DEPRECATED_OBJC_IMPLEMENTATIONS = YES;
				CLANG_WARN_DIRECT_OBJC_ISA_USAGE = YES_ERROR;
				CLANG_WARN_DOCUMENTATION_COMMENTS = YES;
				CLANG_WARN_EMPTY_BODY = YES;
				CLANG_WARN_ENUM_CONVERSION = YES;
				CLANG_WARN_INFINITE_RECURSION = YES;
				CLANG_WARN_INT_CONVERSION = YES;
				CLANG_WARN_NON_LITERAL_NULL_CONVERSION = YES;
				CLANG_WARN_OBJC_IMPLICIT_RETAIN_SELF = YES;
				CLANG_WARN_OBJC_LITERAL_CONVERSION = YES;
				CLANG_WARN_OBJC_ROOT_CLASS = YES_ERROR;
				CLANG_WARN_QUOTED_INCLUDE_IN_FRAMEWORK_HEADER = YES;
				CLANG_WARN_RANGE_LOOP_ANALYSIS = YES;
				CLANG_WARN_STRICT_PROTOTYPES = YES;
				CLANG_WARN_SUSPICIOUS_MOVE = YES;
				CLANG_WARN_UNGUARDED_AVAILABILITY = YES_AGGRESSIVE;
				CLANG_WARN_UNREACHABLE_CODE = YES;
				CLANG_WARN__DUPLICATE_METHOD_MATCH = YES;
				COPY_PHASE_STRIP = NO;
				DEBUG_INFORMATION_FORMAT = dwarf;
				ENABLE_STRICT_OBJC_MSGSEND = YES;
				ENABLE_TESTABILITY = YES;
				GCC_C_LANGUAGE_STANDARD = gnu11;
				GCC_DYNAMIC_NO_PIC = NO;
				GCC_NO_COMMON_BLOCKS = YES;
				GCC_OPTIMIZATION_LEVEL = 0;
				GCC_PREPROCESSOR_DEFINITIONS = (
					"DEBUG=1",
					"$(inherited)",
				);
				GCC_WARN_64_TO_32_BIT_CONVERSION = YES;
				GCC_WARN_ABOUT_RETURN_TYPE = YES_ERROR;
				GCC_WARN_UNDECLARED_SELECTOR = YES;
				GCC_WARN_UNINITIALIZED_AUTOS = YES_AGGRESSIVE;
				GCC_WARN_UNUSED_FUNCTION = YES;
				GCC_WARN_UNUSED_VARIABLE = YES;
				IPHONEOS_DEPLOYMENT_TARGET = 15.5;
				MTL_ENABLE_DEBUG_INFO = INCLUDE_SOURCE;
				MTL_FAST_MATH = YES;
				ONLY_ACTIVE_ARCH = YES;
				SDKROOT = iphoneos;
				SWIFT_ACTIVE_COMPILATION_CONDITIONS = DEBUG;
				SWIFT_OPTIMIZATION_LEVEL = "-Onone";
			};
			name = Debug;
		};
		94C325CC2871460200EAE0C5 /* Release */ = {
			isa = XCBuildConfiguration;
			buildSettings = {
				ALWAYS_SEARCH_USER_PATHS = NO;
				CLANG_ANALYZER_NONNULL = YES;
				CLANG_ANALYZER_NUMBER_OBJECT_CONVERSION = YES_AGGRESSIVE;
				CLANG_CXX_LANGUAGE_STANDARD = "gnu++17";
				CLANG_ENABLE_MODULES = YES;
				CLANG_ENABLE_OBJC_ARC = YES;
				CLANG_ENABLE_OBJC_WEAK = YES;
				CLANG_WARN_BLOCK_CAPTURE_AUTORELEASING = YES;
				CLANG_WARN_BOOL_CONVERSION = YES;
				CLANG_WARN_COMMA = YES;
				CLANG_WARN_CONSTANT_CONVERSION = YES;
				CLANG_WARN_DEPRECATED_OBJC_IMPLEMENTATIONS = YES;
				CLANG_WARN_DIRECT_OBJC_ISA_USAGE = YES_ERROR;
				CLANG_WARN_DOCUMENTATION_COMMENTS = YES;
				CLANG_WARN_EMPTY_BODY = YES;
				CLANG_WARN_ENUM_CONVERSION = YES;
				CLANG_WARN_INFINITE_RECURSION = YES;
				CLANG_WARN_INT_CONVERSION = YES;
				CLANG_WARN_NON_LITERAL_NULL_CONVERSION = YES;
				CLANG_WARN_OBJC_IMPLICIT_RETAIN_SELF = YES;
				CLANG_WARN_OBJC_LITERAL_CONVERSION = YES;
				CLANG_WARN_OBJC_ROOT_CLASS = YES_ERROR;
				CLANG_WARN_QUOTED_INCLUDE_IN_FRAMEWORK_HEADER = YES;
				CLANG_WARN_RANGE_LOOP_ANALYSIS = YES;
				CLANG_WARN_STRICT_PROTOTYPES = YES;
				CLANG_WARN_SUSPICIOUS_MOVE = YES;
				CLANG_WARN_UNGUARDED_AVAILABILITY = YES_AGGRESSIVE;
				CLANG_WARN_UNREACHABLE_CODE = YES;
				CLANG_WARN__DUPLICATE_METHOD_MATCH = YES;
				COPY_PHASE_STRIP = NO;
				DEBUG_INFORMATION_FORMAT = "dwarf-with-dsym";
				ENABLE_NS_ASSERTIONS = NO;
				ENABLE_STRICT_OBJC_MSGSEND = YES;
				GCC_C_LANGUAGE_STANDARD = gnu11;
				GCC_NO_COMMON_BLOCKS = YES;
				GCC_WARN_64_TO_32_BIT_CONVERSION = YES;
				GCC_WARN_ABOUT_RETURN_TYPE = YES_ERROR;
				GCC_WARN_UNDECLARED_SELECTOR = YES;
				GCC_WARN_UNINITIALIZED_AUTOS = YES_AGGRESSIVE;
				GCC_WARN_UNUSED_FUNCTION = YES;
				GCC_WARN_UNUSED_VARIABLE = YES;
				IPHONEOS_DEPLOYMENT_TARGET = 15.5;
				MTL_ENABLE_DEBUG_INFO = NO;
				MTL_FAST_MATH = YES;
				SDKROOT = iphoneos;
				SWIFT_COMPILATION_MODE = wholemodule;
				SWIFT_OPTIMIZATION_LEVEL = "-O";
				VALIDATE_PRODUCT = YES;
			};
			name = Release;
		};
		94C325CE2871460200EAE0C5 /* Debug */ = {
			isa = XCBuildConfiguration;
			buildSettings = {
				ASSETCATALOG_COMPILER_APPICON_NAME = AppIcon;
				ASSETCATALOG_COMPILER_GLOBAL_ACCENT_COLOR_NAME = AccentColor;
				CODE_SIGN_STYLE = Automatic;
				CURRENT_PROJECT_VERSION = 1;
				DEVELOPMENT_TEAM = 5C2G42PP37;
				GENERATE_INFOPLIST_FILE = YES;
				INFOPLIST_FILE = uikitNetflix/Info.plist;
				INFOPLIST_KEY_UIApplicationSupportsIndirectInputEvents = YES;
				INFOPLIST_KEY_UILaunchStoryboardName = LaunchScreen;
				INFOPLIST_KEY_UISupportedInterfaceOrientations_iPad = "UIInterfaceOrientationPortrait UIInterfaceOrientationPortraitUpsideDown UIInterfaceOrientationLandscapeLeft UIInterfaceOrientationLandscapeRight";
				INFOPLIST_KEY_UISupportedInterfaceOrientations_iPhone = "UIInterfaceOrientationPortrait UIInterfaceOrientationLandscapeLeft UIInterfaceOrientationLandscapeRight";
				LD_RUNPATH_SEARCH_PATHS = (
					"$(inherited)",
					"@executable_path/Frameworks",
				);
				MARKETING_VERSION = 1.0;
				PRODUCT_BUNDLE_IDENTIFIER = ItelligentATLAS.uikitNetflix;
				PRODUCT_NAME = "$(TARGET_NAME)";
				SWIFT_EMIT_LOC_STRINGS = YES;
				SWIFT_VERSION = 5.0;
				TARGETED_DEVICE_FAMILY = "1,2";
			};
			name = Debug;
		};
		94C325CF2871460200EAE0C5 /* Release */ = {
			isa = XCBuildConfiguration;
			buildSettings = {
				ASSETCATALOG_COMPILER_APPICON_NAME = AppIcon;
				ASSETCATALOG_COMPILER_GLOBAL_ACCENT_COLOR_NAME = AccentColor;
				CODE_SIGN_STYLE = Automatic;
				CURRENT_PROJECT_VERSION = 1;
				DEVELOPMENT_TEAM = 5C2G42PP37;
				GENERATE_INFOPLIST_FILE = YES;
				INFOPLIST_FILE = uikitNetflix/Info.plist;
				INFOPLIST_KEY_UIApplicationSupportsIndirectInputEvents = YES;
				INFOPLIST_KEY_UILaunchStoryboardName = LaunchScreen;
				INFOPLIST_KEY_UISupportedInterfaceOrientations_iPad = "UIInterfaceOrientationPortrait UIInterfaceOrientationPortraitUpsideDown UIInterfaceOrientationLandscapeLeft UIInterfaceOrientationLandscapeRight";
				INFOPLIST_KEY_UISupportedInterfaceOrientations_iPhone = "UIInterfaceOrientationPortrait UIInterfaceOrientationLandscapeLeft UIInterfaceOrientationLandscapeRight";
				LD_RUNPATH_SEARCH_PATHS = (
					"$(inherited)",
					"@executable_path/Frameworks",
				);
				MARKETING_VERSION = 1.0;
				PRODUCT_BUNDLE_IDENTIFIER = ItelligentATLAS.uikitNetflix;
				PRODUCT_NAME = "$(TARGET_NAME)";
				SWIFT_EMIT_LOC_STRINGS = YES;
				SWIFT_VERSION = 5.0;
				TARGETED_DEVICE_FAMILY = "1,2";
			};
			name = Release;
		};
/* End XCBuildConfiguration section */

/* Begin XCConfigurationList section */
		94C325B42871460100EAE0C5 /* Build configuration list for PBXProject "uikitNetflix" */ = {
			isa = XCConfigurationList;
			buildConfigurations = (
				94C325CB2871460200EAE0C5 /* Debug */,
				94C325CC2871460200EAE0C5 /* Release */,
			);
			defaultConfigurationIsVisible = 0;
			defaultConfigurationName = Release;
		};
		94C325CD2871460200EAE0C5 /* Build configuration list for PBXNativeTarget "uikitNetflix" */ = {
			isa = XCConfigurationList;
			buildConfigurations = (
				94C325CE2871460200EAE0C5 /* Debug */,
				94C325CF2871460200EAE0C5 /* Release */,
			);
			defaultConfigurationIsVisible = 0;
			defaultConfigurationName = Release;
		};
/* End XCConfigurationList section */

/* Begin XCRemoteSwiftPackageReference section */
		94979A1328756F4C001EF8F7 /* XCRemoteSwiftPackageReference "SDWebImage" */ = {
			isa = XCRemoteSwiftPackageReference;
			repositoryURL = "https://github.com/SDWebImage/SDWebImage.git";
			requirement = {
				branch = master;
				kind = branch;
			};
		};
/* End XCRemoteSwiftPackageReference section */

/* Begin XCSwiftPackageProductDependency section */
		94979A1428756F4C001EF8F7 /* SDWebImage */ = {
			isa = XCSwiftPackageProductDependency;
			package = 94979A1328756F4C001EF8F7 /* XCRemoteSwiftPackageReference "SDWebImage" */;
			productName = SDWebImage;
		};
		94979A1628756F4C001EF8F7 /* SDWebImageMapKit */ = {
			isa = XCSwiftPackageProductDependency;
			package = 94979A1328756F4C001EF8F7 /* XCRemoteSwiftPackageReference "SDWebImage" */;
			productName = SDWebImageMapKit;
		};
/* End XCSwiftPackageProductDependency section */
	};
	rootObject = 94C325B12871460100EAE0C5 /* Project object */;
}
